# THIS IS AN AUTOGENERATED FILE. DO NOT EDIT THIS FILE DIRECTLY.
# yarn lockfile v1


accepts@~1.3.8:
  version "1.3.8"
  resolved "http://r.npm.sankuai.com/accepts/download/accepts-1.3.8.tgz#0bf0be125b67014adcb0b0921e62db7bffe16b2e"
  integrity sha1-C/C+EltnAUrcsLCSHmLbe//hay4=
  dependencies:
    mime-types "~2.1.34"
    negotiator "0.6.3"

append-field@^1.0.0:
  version "1.0.0"
  resolved "http://r.npm.sankuai.com/append-field/download/append-field-1.0.0.tgz#1e3440e915f0b1203d23748e78edd7b9b5b43e56"
  integrity sha1-HjRA6RXwsSA9I3SOeO3XubW0PlY=

array-flatten@1.1.1:
  version "1.1.1"
  resolved "http://r.npm.sankuai.com/array-flatten/download/array-flatten-1.1.1.tgz#9a5f699051b1e7073328f2a008968b64ea2955d2"
  integrity sha1-ml9pkFGx5wczKPKgCJaLZOopVdI=

body-parser@~1.20.3:
  version "1.20.5"
  resolved "http://r.npm.sankuai.com/body-parser/download/body-parser-1.20.5.tgz#303c8c34423d1d6fa799bc764e93c1e4dc6ebf64"
  integrity sha1-MDyMNEI9HW+nmbx2TpPB5Nxuv2Q=
  dependencies:
    bytes "~3.1.2"
    content-type "~1.0.5"
    debug "2.6.9"
    depd "2.0.0"
    destroy "~1.2.0"
    http-errors "~2.0.1"
    iconv-lite "~0.4.24"
    on-finished "~2.4.1"
    qs "~6.15.1"
    raw-body "~2.5.3"
    type-is "~1.6.18"
    unpipe "~1.0.0"

buffer-from@^1.0.0:
  version "1.1.2"
  resolved "http://r.npm.sankuai.com/buffer-from/download/buffer-from-1.1.2.tgz#2b146a6fd72e80b4f55d255f35ed59a3a9a41bd5"
  integrity sha1-KxRqb9cugLT1XSVfNe1Zo6mkG9U=

busboy@^1.0.0:
  version "1.6.0"
  resolved "http://r.npm.sankuai.com/busboy/download/busboy-1.6.0.tgz#966ea36a9502e43cdb9146962523b92f531f6893"
  integrity sha1-lm6japUC5DzbkUaWJSO5L1MfaJM=
  dependencies:
    streamsearch "^1.1.0"

bytes@~3.1.2:
  version "3.1.2"
  resolved "http://r.npm.sankuai.com/bytes/download/bytes-3.1.2.tgz#8b0beeb98605adf1b128fa4386403c009e0221a5"
  integrity sha1-iwvuuYYFrfGxKPpDhkA8AJ4CIaU=

call-bind-apply-helpers@^1.0.1, call-bind-apply-helpers@^1.0.2:
  version "1.0.2"
  resolved "http://r.npm.sankuai.com/call-bind-apply-helpers/download/call-bind-apply-helpers-1.0.2.tgz#4b5428c222be985d79c3d82657479dbe0b59b2d6"
  integrity sha1-S1QowiK+mF15w9gmV0edvgtZstY=
  dependencies:
    es-errors "^1.3.0"
    function-bind "^1.1.2"

call-bound@^1.0.2:
  version "1.0.4"
  resolved "http://r.npm.sankuai.com/call-bound/download/call-bound-1.0.4.tgz#238de935d2a2a692928c538c7ccfa91067fd062a"
  integrity sha1-I43pNdKippKSjFOMfM+pEGf9Bio=
  dependencies:
    call-bind-apply-helpers "^1.0.2"
    get-intrinsic "^1.3.0"

concat-stream@^1.5.2:
  version "1.6.2"
  resolved "http://r.npm.sankuai.com/concat-stream/download/concat-stream-1.6.2.tgz#904bdf194cd3122fc675c77fc4ac3d4ff0fd1a34"
  integrity sha1-kEvfGUzTEi/Gdcd/xKw9T/D9GjQ=
  dependencies:
    buffer-from "^1.0.0"
    inherits "^2.0.3"
    readable-stream "^2.2.2"
    typedarray "^0.0.6"

content-disposition@~0.5.4:
  version "0.5.4"
  resolved "http://r.npm.sankuai.com/content-disposition/download/content-disposition-0.5.4.tgz#8b82b4efac82512a02bb0b1dcec9d2c5e8eb5bfe"
  integrity sha1-i4K076yCUSoCuwsdzsnSxejrW/4=
  dependencies:
    safe-buffer "5.2.1"

content-type@~1.0.4, content-type@~1.0.5:
  version "1.0.5"
  resolved "http://r.npm.sankuai.com/content-type/download/content-type-1.0.5.tgz#8b773162656d1d1086784c8f23a54ce6d73d7918"
  integrity sha1-i3cxYmVtHRCGeEyPI6VM5tc9eRg=

cookie-signature@~1.0.6, cookie-signature@~1.0.7:
  version "1.0.7"
  resolved "http://r.npm.sankuai.com/cookie-signature/download/cookie-signature-1.0.7.tgz#ab5dd7ab757c54e60f37ef6550f481c426d10454"
  integrity sha1-q13Xq3V8VOYPN+9lUPSBxCbRBFQ=

cookie@~0.7.1, cookie@~0.7.2:
  version "0.7.2"
  resolved "http://r.npm.sankuai.com/cookie/download/cookie-0.7.2.tgz#556369c472a2ba910f2979891b526b3436237ed7"
  integrity sha1-VWNpxHKiupEPKXmJG1JrNDYjftc=

core-util-is@~1.0.0:
  version "1.0.3"
  resolved "http://r.npm.sankuai.com/core-util-is/download/core-util-is-1.0.3.tgz#a6042d3634c2b27e9328f837b965fac83808db85"
  integrity sha1-pgQtNjTCsn6TKPg3uWX6yDgI24U=

cors@^2.8.5:
  version "2.8.6"
  resolved "http://r.npm.sankuai.com/cors/download/cors-2.8.6.tgz#ff5dd69bd95e547503820d29aba4f8faf8dfec96"
  integrity sha1-/13Wm9leVHUDgg0pq6T4+vjf7JY=
  dependencies:
    object-assign "^4"
    vary "^1"

debug@2.6.9, debug@~2.6.9:
  version "2.6.9"
  resolved "http://r.npm.sankuai.com/debug/download/debug-2.6.9.tgz#5d128515df134ff327e90a4c93f4e077a536341f"
  integrity sha1-XRKFFd8TT/Mn6QpMk/Tgd6U2NB8=
  dependencies:
    ms "2.0.0"

depd@2.0.0, depd@~2.0.0:
  version "2.0.0"
  resolved "http://r.npm.sankuai.com/depd/download/depd-2.0.0.tgz#b696163cc757560d09cf22cc8fad1571b79e76df"
  integrity sha1-tpYWPMdXVg0JzyLMj60Vcbeedt8=

destroy@1.2.0, destroy@~1.2.0:
  version "1.2.0"
  resolved "http://r.npm.sankuai.com/destroy/download/destroy-1.2.0.tgz#4803735509ad8be552934c67df614f94e66fa015"
  integrity sha1-SANzVQmti+VSk0xn32FPlOZvoBU=

dunder-proto@^1.0.1:
  version "1.0.1"
  resolved "http://r.npm.sankuai.com/dunder-proto/download/dunder-proto-1.0.1.tgz#d7ae667e1dc83482f8b70fd0f6eefc50da30f58a"
  integrity sha1-165mfh3INIL4tw/Q9u78UNow9Yo=
  dependencies:
    call-bind-apply-helpers "^1.0.1"
    es-errors "^1.3.0"
    gopd "^1.2.0"

ee-first@1.1.1:
  version "1.1.1"
  resolved "http://r.npm.sankuai.com/ee-first/download/ee-first-1.1.1.tgz#590c61156b0ae2f4f0255732a158b266bc56b21d"
  integrity sha1-WQxhFWsK4vTwJVcyoViyZrxWsh0=

encodeurl@~2.0.0:
  version "2.0.0"
  resolved "http://r.npm.sankuai.com/encodeurl/download/encodeurl-2.0.0.tgz#7b8ea898077d7e409d3ac45474ea38eaf0857a58"
  integrity sha1-e46omAd9fkCdOsRUdOo46vCFelg=

es-define-property@^1.0.1:
  version "1.0.1"
  resolved "http://r.npm.sankuai.com/es-define-property/download/es-define-property-1.0.1.tgz#983eb2f9a6724e9303f61addf011c72e09e0b0fa"
  integrity sha1-mD6y+aZyTpMD9hrd8BHHLgngsPo=

es-errors@^1.3.0:
  version "1.3.0"
  resolved "http://r.npm.sankuai.com/es-errors/download/es-errors-1.3.0.tgz#05f75a25dab98e4fb1dcd5e1472c0546d5057c8f"
  integrity sha1-BfdaJdq5jk+x3NXhRywFRtUFfI8=

es-object-atoms@^1.0.0, es-object-atoms@^1.1.1:
  version "1.1.1"
  resolved "http://r.npm.sankuai.com/es-object-atoms/download/es-object-atoms-1.1.1.tgz#1c4f2c4837327597ce69d2ca190a7fdd172338c1"
  integrity sha1-HE8sSDcydZfOadLKGQp/3RcjOME=
  dependencies:
    es-errors "^1.3.0"

escape-html@~1.0.3:
  version "1.0.3"
  resolved "http://r.npm.sankuai.com/escape-html/download/escape-html-1.0.3.tgz#0258eae4d3d0c0974de1c169188ef0051d1d1988"
  integrity sha1-Aljq5NPQwJdN4cFpGI7wBR0dGYg=

etag@~1.8.1:
  version "1.8.1"
  resolved "http://r.npm.sankuai.com/etag/download/etag-1.8.1.tgz#41ae2eeb65efa62268aebfea83ac7d79299b0887"
  integrity sha1-Qa4u62XvpiJorr/qg6x9eSmbCIc=

express-session@^1.17.3:
  version "1.19.0"
  resolved "http://r.npm.sankuai.com/express-session/download/express-session-1.19.0.tgz#682139f6eec6c69db9febbe2362e8a85dd84af2f"
  integrity sha1-aCE59u7Gxp25/rviNi6Khd2Ery8=
  dependencies:
    cookie "~0.7.2"
    cookie-signature "~1.0.7"
    debug "~2.6.9"
    depd "~2.0.0"
    on-headers "~1.1.0"
    parseurl "~1.3.3"
    safe-buffer "~5.2.1"
    uid-safe "~2.1.5"

express@^4.18.2:
  version "4.22.1"
  resolved "http://r.npm.sankuai.com/express/download/express-4.22.1.tgz#1de23a09745a4fffdb39247b344bb5eaff382069"
  integrity sha1-HeI6CXRaT//bOSR7NEu16v84IGk=
  dependencies:
    accepts "~1.3.8"
    array-flatten "1.1.1"
    body-parser "~1.20.3"
    content-disposition "~0.5.4"
    content-type "~1.0.4"
    cookie "~0.7.1"
    cookie-signature "~1.0.6"
    debug "2.6.9"
    depd "2.0.0"
    encodeurl "~2.0.0"
    escape-html "~1.0.3"
    etag "~1.8.1"
    finalhandler "~1.3.1"
    fresh "~0.5.2"
    http-errors "~2.0.0"
    merge-descriptors "1.0.3"
    methods "~1.1.2"
    on-finished "~2.4.1"
    parseurl "~1.3.3"
    path-to-regexp "~0.1.12"
    proxy-addr "~2.0.7"
    qs "~6.14.0"
    range-parser "~1.2.1"
    safe-buffer "5.2.1"
    send "~0.19.0"
    serve-static "~1.16.2"
    setprototypeof "1.2.0"
    statuses "~2.0.1"
    type-is "~1.6.18"
    utils-merge "1.0.1"
    vary "~1.1.2"

finalhandler@~1.3.1:
  version "1.3.2"
  resolved "http://r.npm.sankuai.com/finalhandler/download/finalhandler-1.3.2.tgz#1ebc2228fc7673aac4a472c310cc05b77d852b88"
  integrity sha1-HrwiKPx2c6rEpHLDEMwFt32FK4g=
  dependencies:
    debug "2.6.9"
    encodeurl "~2.0.0"
    escape-html "~1.0.3"
    on-finished "~2.4.1"
    parseurl "~1.3.3"
    statuses "~2.0.2"
    unpipe "~1.0.0"

forwarded@0.2.0:
  version "0.2.0"
  resolved "http://r.npm.sankuai.com/forwarded/download/forwarded-0.2.0.tgz#2269936428aad4c15c7ebe9779a84bf0b2a81811"
  integrity sha1-ImmTZCiq1MFcfr6XeahL8LKoGBE=

fresh@~0.5.2:
  version "0.5.2"
  resolved "http://r.npm.sankuai.com/fresh/download/fresh-0.5.2.tgz#3d8cadd90d976569fa835ab1f8e4b23a105605a7"
  integrity sha1-PYyt2Q2XZWn6g1qx+OSyOhBWBac=

function-bind@^1.1.2:
  version "1.1.2"
  resolved "http://r.npm.sankuai.com/function-bind/download/function-bind-1.1.2.tgz#2c02d864d97f3ea6c8830c464cbd11ab6eab7a1c"
  integrity sha1-LALYZNl/PqbIgwxGTL0Rq26rehw=

get-intrinsic@^1.2.5, get-intrinsic@^1.3.0:
  version "1.3.0"
  resolved "http://r.npm.sankuai.com/get-intrinsic/download/get-intrinsic-1.3.0.tgz#743f0e3b6964a93a5491ed1bffaae054d7f98d01"
  integrity sha1-dD8OO2lkqTpUke0b/6rgVNf5jQE=
  dependencies:
    call-bind-apply-helpers "^1.0.2"
    es-define-property "^1.0.1"
    es-errors "^1.3.0"
    es-object-atoms "^1.1.1"
    function-bind "^1.1.2"
    get-proto "^1.0.1"
    gopd "^1.2.0"
    has-symbols "^1.1.0"
    hasown "^2.0.2"
    math-intrinsics "^1.1.0"

get-proto@^1.0.1:
  version "1.0.1"
  resolved "http://r.npm.sankuai.com/get-proto/download/get-proto-1.0.1.tgz#150b3f2743869ef3e851ec0c49d15b1d14d00ee1"
  integrity sha1-FQs/J0OGnvPoUewMSdFbHRTQDuE=
  dependencies:
    dunder-proto "^1.0.1"
    es-object-atoms "^1.0.0"

gopd@^1.2.0:
  version "1.2.0"
  resolved "http://r.npm.sankuai.com/gopd/download/gopd-1.2.0.tgz#89f56b8217bdbc8802bd299df6d7f1081d7e51a1"
  integrity sha1-ifVrghe9vIgCvSmd9tfxCB1+UaE=

has-symbols@^1.1.0:
  version "1.1.0"
  resolved "http://r.npm.sankuai.com/has-symbols/download/has-symbols-1.1.0.tgz#fc9c6a783a084951d0b971fe1018de813707a338"
  integrity sha1-/JxqeDoISVHQuXH+EBjegTcHozg=

hasown@^2.0.2:
  version "2.0.3"
  resolved "http://r.npm.sankuai.com/hasown/download/hasown-2.0.3.tgz#5e5c2b15b60370a4c7930c383dfb76bf17bc403c"
  integrity sha1-XlwrFbYDcKTHkww4Pft2vxe8QDw=
  dependencies:
    function-bind "^1.1.2"

http-errors@~2.0.0, http-errors@~2.0.1:
  version "2.0.1"
  resolved "http://r.npm.sankuai.com/http-errors/download/http-errors-2.0.1.tgz#36d2f65bc909c8790018dd36fb4d93da6caae06b"
  integrity sha1-NtL2W8kJyHkAGN02+02T2myq4Gs=
  dependencies:
    depd "~2.0.0"
    inherits "~2.0.4"
    setprototypeof "~1.2.0"
    statuses "~2.0.2"
    toidentifier "~1.0.1"

iconv-lite@~0.4.24:
  version "0.4.24"
  resolved "http://r.npm.sankuai.com/iconv-lite/download/iconv-lite-0.4.24.tgz#2022b4b25fbddc21d2f524974a474aafe733908b"
  integrity sha1-ICK0sl+93CHS9SSXSkdKr+czkIs=
  dependencies:
    safer-buffer ">= 2.1.2 < 3"

inherits@^2.0.3, inherits@~2.0.3, inherits@~2.0.4:
  version "2.0.4"
  resolved "http://r.npm.sankuai.com/inherits/download/inherits-2.0.4.tgz#0fa2c64f932917c3433a0ded55363aae37416b7c"
  integrity sha1-D6LGT5MpF8NDOg3tVTY6rjdBa3w=

ipaddr.js@1.9.1:
  version "1.9.1"
  resolved "http://r.npm.sankuai.com/ipaddr.js/download/ipaddr.js-1.9.1.tgz#bff38543eeb8984825079ff3a2a8e6cbd46781b3"
  integrity sha1-v/OFQ+64mEglB5/zoqjmy9RngbM=

isarray@~1.0.0:
  version "1.0.0"
  resolved "http://r.npm.sankuai.com/isarray/download/isarray-1.0.0.tgz#bb935d48582cba168c06834957a54a3e07124f11"
  integrity sha1-u5NdSFgsuhaMBoNJV6VKPgcSTxE=

math-intrinsics@^1.1.0:
  version "1.1.0"
  resolved "http://r.npm.sankuai.com/math-intrinsics/download/math-intrinsics-1.1.0.tgz#a0dd74be81e2aa5c2f27e65ce283605ee4e2b7f9"
  integrity sha1-oN10voHiqlwvJ+Zc4oNgXuTit/k=

media-typer@0.3.0:
  version "0.3.0"
  resolved "http://r.npm.sankuai.com/media-typer/download/media-typer-0.3.0.tgz#8710d7af0aa626f8fffa1ce00168545263255748"
  integrity sha1-hxDXrwqmJvj/+hzgAWhUUmMlV0g=

merge-descriptors@1.0.3:
  version "1.0.3"
  resolved "http://r.npm.sankuai.com/merge-descriptors/download/merge-descriptors-1.0.3.tgz#d80319a65f3c7935351e5cfdac8f9318504dbed5"
  integrity sha1-2AMZpl88eTU1Hlz9rI+TGFBNvtU=

methods@~1.1.2:
  version "1.1.2"
  resolved "http://r.npm.sankuai.com/methods/download/methods-1.1.2.tgz#5529a4d67654134edcc5266656835b0f851afcee"
  integrity sha1-VSmk1nZUE07cxSZmVoNbD4Ua/O4=

mime-db@1.52.0:
  version "1.52.0"
  resolved "http://r.npm.sankuai.com/mime-db/download/mime-db-1.52.0.tgz#bbabcdc02859f4987301c856e3387ce5ec43bf70"
  integrity sha1-u6vNwChZ9JhzAchW4zh85exDv3A=

mime-types@~2.1.24, mime-types@~2.1.34:
  version "2.1.35"
  resolved "http://r.npm.sankuai.com/mime-types/download/mime-types-2.1.35.tgz#381a871b62a734450660ae3deee44813f70d959a"
  integrity sha1-OBqHG2KnNEUGYK497uRIE/cNlZo=
  dependencies:
    mime-db "1.52.0"

mime@1.6.0:
  version "1.6.0"
  resolved "http://r.npm.sankuai.com/mime/download/mime-1.6.0.tgz#32cd9e5c64553bd58d19a568af452acff04981b1"
  integrity sha1-Ms2eXGRVO9WNGaVor0Uqz/BJgbE=

minimist@^1.2.6:
  version "1.2.8"
  resolved "http://r.npm.sankuai.com/minimist/download/minimist-1.2.8.tgz#c1a464e7693302e082a075cee0c057741ac4772c"
  integrity sha1-waRk52kzAuCCoHXO4MBXdBrEdyw=

mkdirp@^0.5.4:
  version "0.5.6"
  resolved "http://r.npm.sankuai.com/mkdirp/download/mkdirp-0.5.6.tgz#7def03d2432dcae4ba1d611445c48396062255f6"
  integrity sha1-fe8D0kMtyuS6HWEURcSDlgYiVfY=
  dependencies:
    minimist "^1.2.6"

ms@2.0.0:
  version "2.0.0"
  resolved "http://r.npm.sankuai.com/ms/download/ms-2.0.0.tgz#5608aeadfc00be6c2901df5f9861788de0d597c8"
  integrity sha1-VgiurfwAvmwpAd9fmGF4jeDVl8g=

ms@2.1.3:
  version "2.1.3"
  resolved "http://r.npm.sankuai.com/ms/download/ms-2.1.3.tgz#574c8138ce1d2b5861f0b44579dbadd60c6615b2"
  integrity sha1-V0yBOM4dK1hh8LRFedut1gxmFbI=

multer@^1.4.5-lts.1:
  version "1.4.5-lts.2"
  resolved "http://r.npm.sankuai.com/multer/download/multer-1.4.5-lts.2.tgz#340af065d8685dda846ec9e3d7655fcd50afba2d"
  integrity sha1-NArwZdhoXdqEbsnj12VfzVCvui0=
  dependencies:
    append-field "^1.0.0"
    busboy "^1.0.0"
    concat-stream "^1.5.2"
    mkdirp "^0.5.4"
    object-assign "^4.1.1"
    type-is "^1.6.4"
    xtend "^4.0.0"

negotiator@0.6.3:
  version "0.6.3"
  resolved "http://r.npm.sankuai.com/negotiator/download/negotiator-0.6.3.tgz#58e323a72fedc0d6f9cd4d31fe49f51479590ccd"
  integrity sha1-WOMjpy/twNb5zU0x/kn1FHlZDM0=

node-ensure@^0.0.0:
  version "0.0.0"
  resolved "http://r.npm.sankuai.com/node-ensure/download/node-ensure-0.0.0.tgz#ecae764150de99861ec5c810fd5d096b183932a7"
  integrity sha1-7K52QVDemYYexcgQ/V0Jaxg5Mqc=

object-assign@^4, object-assign@^4.1.1:
  version "4.1.1"
  resolved "http://r.npm.sankuai.com/object-assign/download/object-assign-4.1.1.tgz#2109adc7965887cfc05cbbd442cac8bfbb360863"
  integrity sha1-IQmtx5ZYh8/AXLvUQsrIv7s2CGM=

object-inspect@^1.13.3, object-inspect@^1.13.4:
  version "1.13.4"
  resolved "http://r.npm.sankuai.com/object-inspect/download/object-inspect-1.13.4.tgz#8375265e21bc20d0fa582c22e1b13485d6e00213"
  integrity sha1-g3UmXiG8IND6WCwi4bE0hdbgAhM=

on-finished@~2.4.1:
  version "2.4.1"
  resolved "http://r.npm.sankuai.com/on-finished/download/on-finished-2.4.1.tgz#58c8c44116e54845ad57f14ab10b03533184ac3f"
  integrity sha1-WMjEQRblSEWtV/FKsQsDUzGErD8=
  dependencies:
    ee-first "1.1.1"

on-headers@~1.1.0:
  version "1.1.0"
  resolved "http://r.npm.sankuai.com/on-headers/download/on-headers-1.1.0.tgz#59da4f91c45f5f989c6e4bcedc5a3b0aed70ff65"
  integrity sha1-WdpPkcRfX5icbkvO3Fo7Cu1w/2U=

parseurl@~1.3.3:
  version "1.3.3"
  resolved "http://r.npm.sankuai.com/parseurl/download/parseurl-1.3.3.tgz#9da19e7bee8d12dff0513ed5b76957793bc2e8d4"
  integrity sha1-naGee+6NEt/wUT7Vt2lXeTvC6NQ=

path-to-regexp@~0.1.12:
  version "0.1.13"
  resolved "http://r.npm.sankuai.com/path-to-regexp/download/path-to-regexp-0.1.13.tgz#9b22ec16bc3ab88d05a0c7e369869421401ab17d"
  integrity sha1-myLsFrw6uI0FoMfjaYaUIUAasX0=

pdf-parse@^1.1.1:
  version "1.1.4"
  resolved "http://r.npm.sankuai.com/pdf-parse/download/pdf-parse-1.1.4.tgz#97bca6f46758130dafb1fdd9df905efd07581f4a"
  integrity sha1-l7ym9GdYEw2vsf3Z35Be/QdYH0o=
  dependencies:
    node-ensure "^0.0.0"

process-nextick-args@~2.0.0:
  version "2.0.1"
  resolved "http://r.npm.sankuai.com/process-nextick-args/download/process-nextick-args-2.0.1.tgz#7820d9b16120cc55ca9ae7792680ae7dba6d7fe2"
  integrity sha1-eCDZsWEgzFXKmud5JoCufbptf+I=

proxy-addr@~2.0.7:
  version "2.0.7"
  resolved "http://r.npm.sankuai.com/proxy-addr/download/proxy-addr-2.0.7.tgz#f19fe69ceab311eeb94b42e70e8c2070f9ba1025"
  integrity sha1-8Z/mnOqzEe65S0LnDowgcPm6ECU=
  dependencies:
    forwarded "0.2.0"
    ipaddr.js "1.9.1"

qs@~6.14.0:
  version "6.14.2"
  resolved "http://r.npm.sankuai.com/qs/download/qs-6.14.2.tgz#b5634cf9d9ad9898e31fba3504e866e8efb6798c"
  integrity sha1-tWNM+dmtmJjjH7o1BOhm6O+2eYw=
  dependencies:
    side-channel "^1.1.0"

qs@~6.15.1:
  version "6.15.1"
  resolved "http://r.npm.sankuai.com/qs/download/qs-6.15.1.tgz#bdb55aed06bfac257a90c44a446a73fba5575c8f"
  integrity sha1-vbVa7Qa/rCV6kMRKRGpz+6VXXI8=
  dependencies:
    side-channel "^1.1.0"

random-bytes@~1.0.0:
  version "1.0.0"
  resolved "http://r.npm.sankuai.com/random-bytes/download/random-bytes-1.0.0.tgz#4f68a1dc0ae58bd3fb95848c30324db75d64360b"
  integrity sha1-T2ih3Arli9P7lYSMMDJNt11kNgs=

range-parser@~1.2.1:
  version "1.2.1"
  resolved "http://r.npm.sankuai.com/range-parser/download/range-parser-1.2.1.tgz#3cf37023d199e1c24d1a55b84800c2f3e6468031"
  integrity sha1-PPNwI9GZ4cJNGlW4SADC8+ZGgDE=

raw-body@~2.5.3:
  version "2.5.3"
  resolved "http://r.npm.sankuai.com/raw-body/download/raw-body-2.5.3.tgz#11c6650ee770a7de1b494f197927de0c923822e2"
  integrity sha1-EcZlDudwp94bSU8ZeSfeDJI4IuI=
  dependencies:
    bytes "~3.1.2"
    http-errors "~2.0.1"
    iconv-lite "~0.4.24"
    unpipe "~1.0.0"

readable-stream@^2.2.2:
  version "2.3.8"
  resolved "http://r.npm.sankuai.com/readable-stream/download/readable-stream-2.3.8.tgz#91125e8042bba1b9887f49345f6277027ce8be9b"
  integrity sha1-kRJegEK7obmIf0k0X2J3Anzovps=
  dependencies:
    core-util-is "~1.0.0"
    inherits "~2.0.3"
    isarray "~1.0.0"
    process-nextick-args "~2.0.0"
    safe-buffer "~5.1.1"
    string_decoder "~1.1.1"
    util-deprecate "~1.0.1"

safe-buffer@5.2.1, safe-buffer@~5.2.1:
  version "5.2.1"
  resolved "http://r.npm.sankuai.com/safe-buffer/download/safe-buffer-5.2.1.tgz#1eaf9fa9bdb1fdd4ec75f58f9cdb4e6b7827eec6"
  integrity sha1-Hq+fqb2x/dTsdfWPnNtOa3gn7sY=

safe-buffer@~5.1.0, safe-buffer@~5.1.1:
  version "5.1.2"
  resolved "http://r.npm.sankuai.com/safe-buffer/download/safe-buffer-5.1.2.tgz#991ec69d296e0313747d59bdfd2b745c35f8828d"
  integrity sha1-mR7GnSluAxN0fVm9/St0XDX4go0=

"safer-buffer@>= 2.1.2 < 3":
  version "2.1.2"
  resolved "http://r.npm.sankuai.com/safer-buffer/download/safer-buffer-2.1.2.tgz#44fa161b0187b9549dd84bb91802f9bd8385cd6a"
  integrity sha1-RPoWGwGHuVSd2Eu5GAL5vYOFzWo=

send@~0.19.0, send@~0.19.1:
  version "0.19.2"
  resolved "http://r.npm.sankuai.com/send/download/send-0.19.2.tgz#59bc0da1b4ea7ad42736fd642b1c4294e114ff29"
  integrity sha1-WbwNobTqetQnNv1kKxxClOEU/yk=
  dependencies:
    debug "2.6.9"
    depd "2.0.0"
    destroy "1.2.0"
    encodeurl "~2.0.0"
    escape-html "~1.0.3"
    etag "~1.8.1"
    fresh "~0.5.2"
    http-errors "~2.0.1"
    mime "1.6.0"
    ms "2.1.3"
    on-finished "~2.4.1"
    range-parser "~1.2.1"
    statuses "~2.0.2"

serve-static@~1.16.2:
  version "1.16.3"
  resolved "http://r.npm.sankuai.com/serve-static/download/serve-static-1.16.3.tgz#a97b74d955778583f3862a4f0b841eb4d5d78cf9"
  integrity sha1-qXt02VV3hYPzhipPC4QetNXXjPk=
  dependencies:
    encodeurl "~2.0.0"
    escape-html "~1.0.3"
    parseurl "~1.3.3"
    send "~0.19.1"

setprototypeof@1.2.0, setprototypeof@~1.2.0:
  version "1.2.0"
  resolved "http://r.npm.sankuai.com/setprototypeof/download/setprototypeof-1.2.0.tgz#66c9a24a73f9fc28cbe66b09fed3d33dcaf1b424"
  integrity sha1-ZsmiSnP5/CjL5msJ/tPTPcrxtCQ=

side-channel-list@^1.0.0:
  version "1.0.1"
  resolved "http://r.npm.sankuai.com/side-channel-list/download/side-channel-list-1.0.1.tgz#c2e0b5a14a540aebee3bbc6c3f8666cc9b509127"
  integrity sha1-wuC1oUpUCuvuO7xsP4ZmzJtQkSc=
  dependencies:
    es-errors "^1.3.0"
    object-inspect "^1.13.4"

side-channel-map@^1.0.1:
  version "1.0.1"
  resolved "http://r.npm.sankuai.com/side-channel-map/download/side-channel-map-1.0.1.tgz#d6bb6b37902c6fef5174e5f533fab4c732a26f42"
  integrity sha1-1rtrN5Asb+9RdOX1M/q0xzKib0I=
  dependencies:
    call-bound "^1.0.2"
    es-errors "^1.3.0"
    get-intrinsic "^1.2.5"
    object-inspect "^1.13.3"

side-channel-weakmap@^1.0.2:
  version "1.0.2"
  resolved "http://r.npm.sankuai.com/side-channel-weakmap/download/side-channel-weakmap-1.0.2.tgz#11dda19d5368e40ce9ec2bdc1fb0ecbc0790ecea"
  integrity sha1-Ed2hnVNo5Azp7CvcH7DsvAeQ7Oo=
  dependencies:
    call-bound "^1.0.2"
    es-errors "^1.3.0"
    get-intrinsic "^1.2.5"
    object-inspect "^1.13.3"
    side-channel-map "^1.0.1"

side-channel@^1.1.0:
  version "1.1.0"
  resolved "http://r.npm.sankuai.com/side-channel/download/side-channel-1.1.0.tgz#c3fcff9c4da932784873335ec9765fa94ff66bc9"
  integrity sha1-w/z/nE2pMnhIczNeyXZfqU/2a8k=
  dependencies:
    es-errors "^1.3.0"
    object-inspect "^1.13.3"
    side-channel-list "^1.0.0"
    side-channel-map "^1.0.1"
    side-channel-weakmap "^1.0.2"

sql.js@^1.14.1:
  version "1.14.1"
  resolved "http://r.npm.sankuai.com/sql.js/download/sql.js-1.14.1.tgz#89b6bd5d7fa8c8fa8df6c449e0a351c38dca7404"
  integrity sha1-iba9XX+oyPqN9sRJ4KNRw43KdAQ=

statuses@~2.0.1, statuses@~2.0.2:
  version "2.0.2"
  resolved "http://r.npm.sankuai.com/statuses/download/statuses-2.0.2.tgz#8f75eecef765b5e1cfcdc080da59409ed424e382"
  integrity sha1-j3XuzvdlteHPzcCA2llAntQk44I=

streamsearch@^1.1.0:
  version "1.1.0"
  resolved "http://r.npm.sankuai.com/streamsearch/download/streamsearch-1.1.0.tgz#404dd1e2247ca94af554e841a8ef0eaa238da764"
  integrity sha1-QE3R4iR8qUr1VOhBqO8OqiONp2Q=

string_decoder@~1.1.1:
  version "1.1.1"
  resolved "http://r.npm.sankuai.com/string_decoder/download/string_decoder-1.1.1.tgz#9cf1611ba62685d7030ae9e4ba34149c3af03fc8"
  integrity sha1-nPFhG6YmhdcDCunkujQUnDrwP8g=
  dependencies:
    safe-buffer "~5.1.0"

toidentifier@~1.0.1:
  version "1.0.1"
  resolved "http://r.npm.sankuai.com/toidentifier/download/toidentifier-1.0.1.tgz#3be34321a88a820ed1bd80dfaa33e479fbb8dd35"
  integrity sha1-O+NDIaiKgg7RvYDfqjPkefu43TU=

type-is@^1.6.4, type-is@~1.6.18:
  version "1.6.18"
  resolved "http://r.npm.sankuai.com/type-is/download/type-is-1.6.18.tgz#4e552cd05df09467dcbc4ef739de89f2cf37c131"
  integrity sha1-TlUs0F3wlGfcvE73Od6J8s83wTE=
  dependencies:
    media-typer "0.3.0"
    mime-types "~2.1.24"

typedarray@^0.0.6:
  version "0.0.6"
  resolved "http://r.npm.sankuai.com/typedarray/download/typedarray-0.0.6.tgz#867ac74e3864187b1d3d47d996a78ec5c8830777"
  integrity sha1-hnrHTjhkGHsdPUfZlqeOxciDB3c=

uid-safe@~2.1.5:
  version "2.1.5"
  resolved "http://r.npm.sankuai.com/uid-safe/download/uid-safe-2.1.5.tgz#2b3d5c7240e8fc2e58f8aa269e5ee49c0857bd3a"
  integrity sha1-Kz1cckDo/C5Y+Komnl7knAhXvTo=
  dependencies:
    random-bytes "~1.0.0"

unpipe@~1.0.0:
  version "1.0.0"
  resolved "http://r.npm.sankuai.com/unpipe/download/unpipe-1.0.0.tgz#b2bf4ee8514aae6165b4817829d21b2ef49904ec"
  integrity sha1-sr9O6FFKrmFltIF4KdIbLvSZBOw=

util-deprecate@~1.0.1:
  version "1.0.2"
  resolved "http://r.npm.sankuai.com/util-deprecate/download/util-deprecate-1.0.2.tgz#450d4dc9fa70de732762fbd2d4a28981419a0ccf"
  integrity sha1-RQ1Nyfpw3nMnYvvS1KKJgUGaDM8=

utils-merge@1.0.1:
  version "1.0.1"
  resolved "http://r.npm.sankuai.com/utils-merge/download/utils-merge-1.0.1.tgz#9f95710f50a267947b2ccc124741c1028427e713"
  integrity sha1-n5VxD1CiZ5R7LMwSR0HBAoQn5xM=

vary@^1, vary@~1.1.2:
  version "1.1.2"
  resolved "http://r.npm.sankuai.com/vary/download/vary-1.1.2.tgz#2299f02c6ded30d4a5961b0b9f74524a18f634fc"
  integrity sha1-IpnwLG3tMNSllhsLn3RSShj2NPw=

xtend@^4.0.0:
  version "4.0.2"
  resolved "http://r.npm.sankuai.com/xtend/download/xtend-4.0.2.tgz#bb72779f5fa465186b1f438f674fa347fdb5db54"
  integrity sha1-u3J3n1+kZRhrH0OPZ0+jR/2121Q=
